
Microsoft Visual Studio Solution File, Format Version 12.00
Project("{FAE04EC0-301F-11D3-BF4B-00C04F79EFBC}") = "_a. Variabler - Læs fra Keyboard", "_a. Variabler - Læs fra Keyboard\_a. Variabler - Læs fra Keyboard.csproj", "{539D772D-8373-43CF-9898-B5E9D78AEEEB}"
EndProject
Project("{FAE04EC0-301F-11D3-BF4B-00C04F79EFBC}") = "_b. Naming Variabels and Keywords", "_b. Naming Variabels and Keywords\_b. Naming Variabels and Keywords.csproj", "{72C81583-0101-44D6-94A7-21B8049C6071}"
EndProject
Project("{FAE04EC0-301F-11D3-BF4B-00C04F79EFBC}") = "_c. Operators", "_c. Operators\_c. Operators.csproj", "{1686FE59-FDBA-4DFC-A24D-CDE5FA361817}"
EndProject
Project("{2150E333-8FDC-42A3-9474-1A3956D46DE8}") = "Section 2", "Section 2", "{740C2955-82BE-4890-A47E-B91CE7310AE5}"
EndProject
Project("{2150E333-8FDC-42A3-9474-1A3956D46DE8}") = "Section 3", "Section 3", "{C630D730-3D74-4988-A248-D8FC668F9E24}"
EndProject
Project("{FAE04EC0-301F-11D3-BF4B-00C04F79EFBC}") = "Test Session 3", "..\Session 3\Test Session 3\Test Session 3.csproj", "{8A532288-8F74-4A24-BAE8-AC40EA2AD094}"
EndProject
Project("{FAE04EC0-301F-11D3-BF4B-00C04F79EFBC}") = "_d. Var keyword", "_d. Var keyword\_d. Var keyword.csproj", "{FCE34E6A-A2DB-40BB-AF7B-C166CACEC0E5}"
EndProject
Project("{FAE04EC0-301F-11D3-BF4B-00C04F79EFBC}") = "_e. Debugging", "_e. Debugging\_e. Debugging.csproj", "{0338A0D2-0C47-4C0B-A92F-2E3AAC8B0334}"
EndProject
Project("{FAE04EC0-301F-11D3-BF4B-00C04F79EFBC}") = "__Coding Exercise 1 - Variabels and Operators", "__Coding Exercise 1 - Variabels and Operators\__Coding Exercise 1 - Variabels and Operators.csproj", "{94C1E3F2-DAE5-4859-BEA2-EA70C0386654}"
EndProject
Project("{FAE04EC0-301F-11D3-BF4B-00C04F79EFBC}") = "_f. Variabler - boolean - operators", "_f. Variabler - boolean - operators\_f. Variabler - boolean - operators.csproj", "{A6D87063-1E12-4F37-AAD6-4E3BD0F76779}"
EndProject
Project("{FAE04EC0-301F-11D3-BF4B-00C04F79EFBC}") = "_g. Logical Operators", "_g. Logical Operators\_g. Logical Operators.csproj", "{5878F9F5-52CE-4565-B493-4611B00000F8}"
EndProject
Project("{FAE04EC0-301F-11D3-BF4B-00C04F79EFBC}") = "__Coding Exercise 2 - Boolean Operators", "__Coding Exercise 2 - Boolean Operators\__Coding Exercise 2 - Boolean Operators.csproj", "{BDFB53D4-C367-414E-B568-0A54A97F890D}"
EndProject
Project("{FAE04EC0-301F-11D3-BF4B-00C04F79EFBC}") = "_h. If Else Statement", "_h. If Else Statement\_h. If Else Statement.csproj", "{6365043B-F0D0-4B4C-9943-3CBC4DCD6C46}"
EndProject
Project("{FAE04EC0-301F-11D3-BF4B-00C04F79EFBC}") = "__Coding Exercise 3 - If Else Statement", "__Coding Exercise 3 - If Else Statement\__Coding Exercise 3 - If Else Statement.csproj", "{05AD4DA4-53D3-48D5-9660-3D935D46B5AC}"
EndProject
Project("{FAE04EC0-301F-11D3-BF4B-00C04F79EFBC}") = "_i. Scope", "_i. Scope\_i. Scope.csproj", "{F7376003-00C2-4557-933C-2667F96C1B51}"
EndProject
Project("{FAE04EC0-301F-11D3-BF4B-00C04F79EFBC}") = "_j. Method - void", "_j. Method - void\_j. Method - void.csproj", "{76498CD3-DA5F-4CA0-83D1-49187A55CAC3}"
EndProject
Project("{FAE04EC0-301F-11D3-BF4B-00C04F79EFBC}") = "_k. Method - Add parameters and Return Values", "_k. Method - Add parameters and Return Values\_k. Method - Add parameters and Return Values.csproj", "{45F55730-D803-425D-BDD9-47875FD6183F}"
EndProject
Project("{FAE04EC0-301F-11D3-BF4B-00C04F79EFBC}") = "__Coding Exercise 4 - Methods", "__Coding Exercise 4 - Methods\__Coding Exercise 4 - Methods.csproj", "{D96E2163-D8F9-4D91-A1A6-B32C6F6308A6}"
EndProject
Project("{FAE04EC0-301F-11D3-BF4B-00C04F79EFBC}") = "_l. Parsing", "_l. Parsing\_l. Parsing.csproj", "{1EFE99F1-77F4-4401-AE71-9AF9DD81AE25}"
EndProject
Project("{FAE04EC0-301F-11D3-BF4B-00C04F79EFBC}") = "__Assigment - Calculator", "__Assigment - Calculator\__Assigment - Calculator.csproj", "{07873E2F-D339-4236-98E0-64251D27E445}"
EndProject
Project("{FAE04EC0-301F-11D3-BF4B-00C04F79EFBC}") = "_m. String Interpolation", "_m. String Interpolation\_m. String Interpolation.csproj", "{5C442549-4406-442A-A2CD-701BC40BDAA9}"
EndProject
Project("{FAE04EC0-301F-11D3-BF4B-00C04F79EFBC}") = "__Coding Exercise 5 - String Interpolation", "__Coding Exercise 5 - String Interpolation\__Coding Exercise 5 - String Interpolation.csproj", "{596ABB4A-E78F-46F3-82D2-5D39A2F57280}"
EndProject
Project("{FAE04EC0-301F-11D3-BF4B-00C04F79EFBC}") = "_n. Switch Statement", "_n. Switch Statement\_n. Switch Statement.csproj", "{D20FEF96-A987-4DD3-B737-6A9B92BC181B}"
EndProject
Project("{FAE04EC0-301F-11D3-BF4B-00C04F79EFBC}") = "__Coding Exercise 6 - Switch Statement", "__Coding Exercise 6 - Switch Statement\__Coding Exercise 6 - Switch Statement.csproj", "{59E4FF92-1E58-41AF-B65B-00659D9AC16B}"
EndProject
Project("{FAE04EC0-301F-11D3-BF4B-00C04F79EFBC}") = "_o. Char", "_o. Char\_o. Char.csproj", "{D2222BE5-C86A-443B-B3DA-769FF5D56203}"
EndProject
Project("{FAE04EC0-301F-11D3-BF4B-00C04F79EFBC}") = "_p. While loop pt. 1", "_p. While loop pt. 1\_p. While loop pt. 1.csproj", "{FE04ADD4-A394-4A40-82EB-2F8E20EFCE0C}"
EndProject
Project("{FAE04EC0-301F-11D3-BF4B-00C04F79EFBC}") = "_q. Loop Operators", "_q. Loop Operators\_q. Loop Operators.csproj", "{CF3DF1F0-A2B8-4132-82D3-15FDC13BB8E8}"
EndProject
Project("{FAE04EC0-301F-11D3-BF4B-00C04F79EFBC}") = "_r. While loop pt. 2", "_r. While loop pt. 2\_r. While loop pt. 2.csproj", "{A6BDADB8-4353-4794-A983-E016B995813E}"
EndProject
Project("{FAE04EC0-301F-11D3-BF4B-00C04F79EFBC}") = "__Coding Exercise 7 - While loop", "__Coding Exercise 7 - While loop\__Coding Exercise 7 - While loop.csproj", "{4B1B17D9-11FD-47C4-8FF0-1311DF96FB40}"
EndProject
Project("{FAE04EC0-301F-11D3-BF4B-00C04F79EFBC}") = "_s. Do-while loop", "_s. Do-while loop\_s. Do-while loop.csproj", "{3B4C3917-8D70-4FF9-9AD6-15994C74525D}"
EndProject
Project("{FAE04EC0-301F-11D3-BF4B-00C04F79EFBC}") = "__Coding Exercise 8 - Do While Loop", "__Coding Exercise 8 - Do While Loop\__Coding Exercise 8 - Do While Loop.csproj", "{6297DE51-9D4F-4522-8E1E-42FC00785800}"
EndProject
Project("{FAE04EC0-301F-11D3-BF4B-00C04F79EFBC}") = "_t. For loop", "_t. For loop\_t. For loop.csproj", "{FC8D618B-D4E8-4F83-950A-5DCF29FDF971}"
EndProject
Project("{FAE04EC0-301F-11D3-BF4B-00C04F79EFBC}") = "__Coding Exercise 9 - for loop", "__Coding Exercise 9 - for loop\__Coding Exercise 9 - for loop.csproj", "{734A2D1E-4733-4DCE-9A68-ECCBB0756980}"
EndProject
Project("{FAE04EC0-301F-11D3-BF4B-00C04F79EFBC}") = "_u. Break Keyword", "_u. Break Keyword\_u. Break Keyword.csproj", "{01DA9E99-C826-4180-BA9E-ED92F51224E4}"
EndProject
Project("{FAE04EC0-301F-11D3-BF4B-00C04F79EFBC}") = "_v. Continue Keyword", "_v. Continue Keyword\_v. Continue Keyword.csproj", "{1FD8A847-88DA-405A-8F6E-6CD93F2B00F3}"
EndProject
Project("{FAE04EC0-301F-11D3-BF4B-00C04F79EFBC}") = "_w. Nested Loops", "_w. Nested Loops\_w. Nested Loops.csproj", "{6C85D112-050D-426E-96E8-736773FD557F}"
EndProject
Project("{FAE04EC0-301F-11D3-BF4B-00C04F79EFBC}") = "_x. Arrays", "_x. Arrays\_x. Arrays.csproj", "{07B07D7D-CA82-4FFE-993A-36516987F73E}"
EndProject
Global
	GlobalSection(SolutionConfigurationPlatforms) = preSolution
		Debug|Any CPU = Debug|Any CPU
		Release|Any CPU = Release|Any CPU
	EndGlobalSection
	GlobalSection(ProjectConfigurationPlatforms) = postSolution
		{539D772D-8373-43CF-9898-B5E9D78AEEEB}.Debug|Any CPU.ActiveCfg = Debug|Any CPU
		{539D772D-8373-43CF-9898-B5E9D78AEEEB}.Debug|Any CPU.Build.0 = Debug|Any CPU
		{539D772D-8373-43CF-9898-B5E9D78AEEEB}.Release|Any CPU.ActiveCfg = Release|Any CPU
		{539D772D-8373-43CF-9898-B5E9D78AEEEB}.Release|Any CPU.Build.0 = Release|Any CPU
		{72C81583-0101-44D6-94A7-21B8049C6071}.Debug|Any CPU.ActiveCfg = Debug|Any CPU
		{72C81583-0101-44D6-94A7-21B8049C6071}.Debug|Any CPU.Build.0 = Debug|Any CPU
		{72C81583-0101-44D6-94A7-21B8049C6071}.Release|Any CPU.ActiveCfg = Release|Any CPU
		{72C81583-0101-44D6-94A7-21B8049C6071}.Release|Any CPU.Build.0 = Release|Any CPU
		{1686FE59-FDBA-4DFC-A24D-CDE5FA361817}.Debug|Any CPU.ActiveCfg = Debug|Any CPU
		{1686FE59-FDBA-4DFC-A24D-CDE5FA361817}.Debug|Any CPU.Build.0 = Debug|Any CPU
		{1686FE59-FDBA-4DFC-A24D-CDE5FA361817}.Release|Any CPU.ActiveCfg = Release|Any CPU
		{1686FE59-FDBA-4DFC-A24D-CDE5FA361817}.Release|Any CPU.Build.0 = Release|Any CPU
		{8A532288-8F74-4A24-BAE8-AC40EA2AD094}.Debug|Any CPU.ActiveCfg = Debug|Any CPU
		{8A532288-8F74-4A24-BAE8-AC40EA2AD094}.Debug|Any CPU.Build.0 = Debug|Any CPU
		{8A532288-8F74-4A24-BAE8-AC40EA2AD094}.Release|Any CPU.ActiveCfg = Release|Any CPU
		{8A532288-8F74-4A24-BAE8-AC40EA2AD094}.Release|Any CPU.Build.0 = Release|Any CPU
		{FCE34E6A-A2DB-40BB-AF7B-C166CACEC0E5}.Debug|Any CPU.ActiveCfg = Debug|Any CPU
		{FCE34E6A-A2DB-40BB-AF7B-C166CACEC0E5}.Debug|Any CPU.Build.0 = Debug|Any CPU
		{FCE34E6A-A2DB-40BB-AF7B-C166CACEC0E5}.Release|Any CPU.ActiveCfg = Release|Any CPU
		{FCE34E6A-A2DB-40BB-AF7B-C166CACEC0E5}.Release|Any CPU.Build.0 = Release|Any CPU
		{0338A0D2-0C47-4C0B-A92F-2E3AAC8B0334}.Debug|Any CPU.ActiveCfg = Debug|Any CPU
		{0338A0D2-0C47-4C0B-A92F-2E3AAC8B0334}.Debug|Any CPU.Build.0 = Debug|Any CPU
		{0338A0D2-0C47-4C0B-A92F-2E3AAC8B0334}.Release|Any CPU.ActiveCfg = Release|Any CPU
		{0338A0D2-0C47-4C0B-A92F-2E3AAC8B0334}.Release|Any CPU.Build.0 = Release|Any CPU
		{94C1E3F2-DAE5-4859-BEA2-EA70C0386654}.Debug|Any CPU.ActiveCfg = Debug|Any CPU
		{94C1E3F2-DAE5-4859-BEA2-EA70C0386654}.Debug|Any CPU.Build.0 = Debug|Any CPU
		{94C1E3F2-DAE5-4859-BEA2-EA70C0386654}.Release|Any CPU.ActiveCfg = Release|Any CPU
		{94C1E3F2-DAE5-4859-BEA2-EA70C0386654}.Release|Any CPU.Build.0 = Release|Any CPU
		{A6D87063-1E12-4F37-AAD6-4E3BD0F76779}.Debug|Any CPU.ActiveCfg = Debug|Any CPU
		{A6D87063-1E12-4F37-AAD6-4E3BD0F76779}.Debug|Any CPU.Build.0 = Debug|Any CPU
		{A6D87063-1E12-4F37-AAD6-4E3BD0F76779}.Release|Any CPU.ActiveCfg = Release|Any CPU
		{A6D87063-1E12-4F37-AAD6-4E3BD0F76779}.Release|Any CPU.Build.0 = Release|Any CPU
		{5878F9F5-52CE-4565-B493-4611B00000F8}.Debug|Any CPU.ActiveCfg = Debug|Any CPU
		{5878F9F5-52CE-4565-B493-4611B00000F8}.Debug|Any CPU.Build.0 = Debug|Any CPU
		{5878F9F5-52CE-4565-B493-4611B00000F8}.Release|Any CPU.ActiveCfg = Release|Any CPU
		{5878F9F5-52CE-4565-B493-4611B00000F8}.Release|Any CPU.Build.0 = Release|Any CPU
		{BDFB53D4-C367-414E-B568-0A54A97F890D}.Debug|Any CPU.ActiveCfg = Debug|Any CPU
		{BDFB53D4-C367-414E-B568-0A54A97F890D}.Debug|Any CPU.Build.0 = Debug|Any CPU
		{BDFB53D4-C367-414E-B568-0A54A97F890D}.Release|Any CPU.ActiveCfg = Release|Any CPU
		{BDFB53D4-C367-414E-B568-0A54A97F890D}.Release|Any CPU.Build.0 = Release|Any CPU
		{6365043B-F0D0-4B4C-9943-3CBC4DCD6C46}.Debug|Any CPU.ActiveCfg = Debug|Any CPU
		{6365043B-F0D0-4B4C-9943-3CBC4DCD6C46}.Debug|Any CPU.Build.0 = Debug|Any CPU
		{6365043B-F0D0-4B4C-9943-3CBC4DCD6C46}.Release|Any CPU.ActiveCfg = Release|Any CPU
		{6365043B-F0D0-4B4C-9943-3CBC4DCD6C46}.Release|Any CPU.Build.0 = Release|Any CPU
		{05AD4DA4-53D3-48D5-9660-3D935D46B5AC}.Debug|Any CPU.ActiveCfg = Debug|Any CPU
		{05AD4DA4-53D3-48D5-9660-3D935D46B5AC}.Debug|Any CPU.Build.0 = Debug|Any CPU
		{05AD4DA4-53D3-48D5-9660-3D935D46B5AC}.Release|Any CPU.ActiveCfg = Release|Any CPU
		{05AD4DA4-53D3-48D5-9660-3D935D46B5AC}.Release|Any CPU.Build.0 = Release|Any CPU
		{F7376003-00C2-4557-933C-2667F96C1B51}.Debug|Any CPU.ActiveCfg = Debug|Any CPU
		{F7376003-00C2-4557-933C-2667F96C1B51}.Debug|Any CPU.Build.0 = Debug|Any CPU
		{F7376003-00C2-4557-933C-2667F96C1B51}.Release|Any CPU.ActiveCfg = Release|Any CPU
		{F7376003-00C2-4557-933C-2667F96C1B51}.Release|Any CPU.Build.0 = Release|Any CPU
		{76498CD3-DA5F-4CA0-83D1-49187A55CAC3}.Debug|Any CPU.ActiveCfg = Debug|Any CPU
		{76498CD3-DA5F-4CA0-83D1-49187A55CAC3}.Debug|Any CPU.Build.0 = Debug|Any CPU
		{76498CD3-DA5F-4CA0-83D1-49187A55CAC3}.Release|Any CPU.ActiveCfg = Release|Any CPU
		{76498CD3-DA5F-4CA0-83D1-49187A55CAC3}.Release|Any CPU.Build.0 = Release|Any CPU
		{45F55730-D803-425D-BDD9-47875FD6183F}.Debug|Any CPU.ActiveCfg = Debug|Any CPU
		{45F55730-D803-425D-BDD9-47875FD6183F}.Debug|Any CPU.Build.0 = Debug|Any CPU
		{45F55730-D803-425D-BDD9-47875FD6183F}.Release|Any CPU.ActiveCfg = Release|Any CPU
		{45F55730-D803-425D-BDD9-47875FD6183F}.Release|Any CPU.Build.0 = Release|Any CPU
		{D96E2163-D8F9-4D91-A1A6-B32C6F6308A6}.Debug|Any CPU.ActiveCfg = Debug|Any CPU
		{D96E2163-D8F9-4D91-A1A6-B32C6F6308A6}.Debug|Any CPU.Build.0 = Debug|Any CPU
		{D96E2163-D8F9-4D91-A1A6-B32C6F6308A6}.Release|Any CPU.ActiveCfg = Release|Any CPU
		{D96E2163-D8F9-4D91-A1A6-B32C6F6308A6}.Release|Any CPU.Build.0 = Release|Any CPU
		{1EFE99F1-77F4-4401-AE71-9AF9DD81AE25}.Debug|Any CPU.ActiveCfg = Debug|Any CPU
		{1EFE99F1-77F4-4401-AE71-9AF9DD81AE25}.Debug|Any CPU.Build.0 = Debug|Any CPU
		{1EFE99F1-77F4-4401-AE71-9AF9DD81AE25}.Release|Any CPU.ActiveCfg = Release|Any CPU
		{1EFE99F1-77F4-4401-AE71-9AF9DD81AE25}.Release|Any CPU.Build.0 = Release|Any CPU
		{07873E2F-D339-4236-98E0-64251D27E445}.Debug|Any CPU.ActiveCfg = Debug|Any CPU
		{07873E2F-D339-4236-98E0-64251D27E445}.Debug|Any CPU.Build.0 = Debug|Any CPU
		{07873E2F-D339-4236-98E0-64251D27E445}.Release|Any CPU.ActiveCfg = Release|Any CPU
		{07873E2F-D339-4236-98E0-64251D27E445}.Release|Any CPU.Build.0 = Release|Any CPU
		{5C442549-4406-442A-A2CD-701BC40BDAA9}.Debug|Any CPU.ActiveCfg = Debug|Any CPU
		{5C442549-4406-442A-A2CD-701BC40BDAA9}.Debug|Any CPU.Build.0 = Debug|Any CPU
		{5C442549-4406-442A-A2CD-701BC40BDAA9}.Release|Any CPU.ActiveCfg = Release|Any CPU
		{5C442549-4406-442A-A2CD-701BC40BDAA9}.Release|Any CPU.Build.0 = Release|Any CPU
		{596ABB4A-E78F-46F3-82D2-5D39A2F57280}.Debug|Any CPU.ActiveCfg = Debug|Any CPU
		{596ABB4A-E78F-46F3-82D2-5D39A2F57280}.Debug|Any CPU.Build.0 = Debug|Any CPU
		{596ABB4A-E78F-46F3-82D2-5D39A2F57280}.Release|Any CPU.ActiveCfg = Release|Any CPU
		{596ABB4A-E78F-46F3-82D2-5D39A2F57280}.Release|Any CPU.Build.0 = Release|Any CPU
		{D20FEF96-A987-4DD3-B737-6A9B92BC181B}.Debug|Any CPU.ActiveCfg = Debug|Any CPU
		{D20FEF96-A987-4DD3-B737-6A9B92BC181B}.Debug|Any CPU.Build.0 = Debug|Any CPU
		{D20FEF96-A987-4DD3-B737-6A9B92BC181B}.Release|Any CPU.ActiveCfg = Release|Any CPU
		{D20FEF96-A987-4DD3-B737-6A9B92BC181B}.Release|Any CPU.Build.0 = Release|Any CPU
		{59E4FF92-1E58-41AF-B65B-00659D9AC16B}.Debug|Any CPU.ActiveCfg = Debug|Any CPU
		{59E4FF92-1E58-41AF-B65B-00659D9AC16B}.Debug|Any CPU.Build.0 = Debug|Any CPU
		{59E4FF92-1E58-41AF-B65B-00659D9AC16B}.Release|Any CPU.ActiveCfg = Release|Any CPU
		{59E4FF92-1E58-41AF-B65B-00659D9AC16B}.Release|Any CPU.Build.0 = Release|Any CPU
		{D2222BE5-C86A-443B-B3DA-769FF5D56203}.Debug|Any CPU.ActiveCfg = Debug|Any CPU
		{D2222BE5-C86A-443B-B3DA-769FF5D56203}.Debug|Any CPU.Build.0 = Debug|Any CPU
		{D2222BE5-C86A-443B-B3DA-769FF5D56203}.Release|Any CPU.ActiveCfg = Release|Any CPU
		{D2222BE5-C86A-443B-B3DA-769FF5D56203}.Release|Any CPU.Build.0 = Release|Any CPU
		{FE04ADD4-A394-4A40-82EB-2F8E20EFCE0C}.Debug|Any CPU.ActiveCfg = Debug|Any CPU
		{FE04ADD4-A394-4A40-82EB-2F8E20EFCE0C}.Debug|Any CPU.Build.0 = Debug|Any CPU
		{FE04ADD4-A394-4A40-82EB-2F8E20EFCE0C}.Release|Any CPU.ActiveCfg = Release|Any CPU
		{FE04ADD4-A394-4A40-82EB-2F8E20EFCE0C}.Release|Any CPU.Build.0 = Release|Any CPU
		{CF3DF1F0-A2B8-4132-82D3-15FDC13BB8E8}.Debug|Any CPU.ActiveCfg = Debug|Any CPU
		{CF3DF1F0-A2B8-4132-82D3-15FDC13BB8E8}.Debug|Any CPU.Build.0 = Debug|Any CPU
		{CF3DF1F0-A2B8-4132-82D3-15FDC13BB8E8}.Release|Any CPU.ActiveCfg = Release|Any CPU
		{CF3DF1F0-A2B8-4132-82D3-15FDC13BB8E8}.Release|Any CPU.Build.0 = Release|Any CPU
		{A6BDADB8-4353-4794-A983-E016B995813E}.Debug|Any CPU.ActiveCfg = Debug|Any CPU
		{A6BDADB8-4353-4794-A983-E016B995813E}.Debug|Any CPU.Build.0 = Debug|Any CPU
		{A6BDADB8-4353-4794-A983-E016B995813E}.Release|Any CPU.ActiveCfg = Release|Any CPU
		{A6BDADB8-4353-4794-A983-E016B995813E}.Release|Any CPU.Build.0 = Release|Any CPU
		{4B1B17D9-11FD-47C4-8FF0-1311DF96FB40}.Debug|Any CPU.ActiveCfg = Debug|Any CPU
		{4B1B17D9-11FD-47C4-8FF0-1311DF96FB40}.Debug|Any CPU.Build.0 = Debug|Any CPU
		{4B1B17D9-11FD-47C4-8FF0-1311DF96FB40}.Release|Any CPU.ActiveCfg = Release|Any CPU
		{4B1B17D9-11FD-47C4-8FF0-1311DF96FB40}.Release|Any CPU.Build.0 = Release|Any CPU
		{3B4C3917-8D70-4FF9-9AD6-15994C74525D}.Debug|Any CPU.ActiveCfg = Debug|Any CPU
		{3B4C3917-8D70-4FF9-9AD6-15994C74525D}.Debug|Any CPU.Build.0 = Debug|Any CPU
		{3B4C3917-8D70-4FF9-9AD6-15994C74525D}.Release|Any CPU.ActiveCfg = Release|Any CPU
		{3B4C3917-8D70-4FF9-9AD6-15994C74525D}.Release|Any CPU.Build.0 = Release|Any CPU
		{6297DE51-9D4F-4522-8E1E-42FC00785800}.Debug|Any CPU.ActiveCfg = Debug|Any CPU
		{6297DE51-9D4F-4522-8E1E-42FC00785800}.Debug|Any CPU.Build.0 = Debug|Any CPU
		{6297DE51-9D4F-4522-8E1E-42FC00785800}.Release|Any CPU.ActiveCfg = Release|Any CPU
		{6297DE51-9D4F-4522-8E1E-42FC00785800}.Release|Any CPU.Build.0 = Release|Any CPU
		{FC8D618B-D4E8-4F83-950A-5DCF29FDF971}.Debug|Any CPU.ActiveCfg = Debug|Any CPU
		{FC8D618B-D4E8-4F83-950A-5DCF29FDF971}.Debug|Any CPU.Build.0 = Debug|Any CPU
		{FC8D618B-D4E8-4F83-950A-5DCF29FDF971}.Release|Any CPU.ActiveCfg = Release|Any CPU
		{FC8D618B-D4E8-4F83-950A-5DCF29FDF971}.Release|Any CPU.Build.0 = Release|Any CPU
		{734A2D1E-4733-4DCE-9A68-ECCBB0756980}.Debug|Any CPU.ActiveCfg = Debug|Any CPU
		{734A2D1E-4733-4DCE-9A68-ECCBB0756980}.Debug|Any CPU.Build.0 = Debug|Any CPU
		{734A2D1E-4733-4DCE-9A68-ECCBB0756980}.Release|Any CPU.ActiveCfg = Release|Any CPU
		{734A2D1E-4733-4DCE-9A68-ECCBB0756980}.Release|Any CPU.Build.0 = Release|Any CPU
		{01DA9E99-C826-4180-BA9E-ED92F51224E4}.Debug|Any CPU.ActiveCfg = Debug|Any CPU
		{01DA9E99-C826-4180-BA9E-ED92F51224E4}.Debug|Any CPU.Build.0 = Debug|Any CPU
		{01DA9E99-C826-4180-BA9E-ED92F51224E4}.Release|Any CPU.ActiveCfg = Release|Any CPU
		{01DA9E99-C826-4180-BA9E-ED92F51224E4}.Release|Any CPU.Build.0 = Release|Any CPU
		{1FD8A847-88DA-405A-8F6E-6CD93F2B00F3}.Debug|Any CPU.ActiveCfg = Debug|Any CPU
		{1FD8A847-88DA-405A-8F6E-6CD93F2B00F3}.Debug|Any CPU.Build.0 = Debug|Any CPU
		{1FD8A847-88DA-405A-8F6E-6CD93F2B00F3}.Release|Any CPU.ActiveCfg = Release|Any CPU
		{1FD8A847-88DA-405A-8F6E-6CD93F2B00F3}.Release|Any CPU.Build.0 = Release|Any CPU
		{6C85D112-050D-426E-96E8-736773FD557F}.Debug|Any CPU.ActiveCfg = Debug|Any CPU
		{6C85D112-050D-426E-96E8-736773FD557F}.Debug|Any CPU.Build.0 = Debug|Any CPU
		{6C85D112-050D-426E-96E8-736773FD557F}.Release|Any CPU.ActiveCfg = Release|Any CPU
		{6C85D112-050D-426E-96E8-736773FD557F}.Release|Any CPU.Build.0 = Release|Any CPU
		{07B07D7D-CA82-4FFE-993A-36516987F73E}.Debug|Any CPU.ActiveCfg = Debug|Any CPU
		{07B07D7D-CA82-4FFE-993A-36516987F73E}.Debug|Any CPU.Build.0 = Debug|Any CPU
		{07B07D7D-CA82-4FFE-993A-36516987F73E}.Release|Any CPU.ActiveCfg = Release|Any CPU
		{07B07D7D-CA82-4FFE-993A-36516987F73E}.Release|Any CPU.Build.0 = Release|Any CPU
	EndGlobalSection
	GlobalSection(NestedProjects) = preSolution
		{539D772D-8373-43CF-9898-B5E9D78AEEEB} = {740C2955-82BE-4890-A47E-B91CE7310AE5}
		{72C81583-0101-44D6-94A7-21B8049C6071} = {740C2955-82BE-4890-A47E-B91CE7310AE5}
		{1686FE59-FDBA-4DFC-A24D-CDE5FA361817} = {740C2955-82BE-4890-A47E-B91CE7310AE5}
		{8A532288-8F74-4A24-BAE8-AC40EA2AD094} = {C630D730-3D74-4988-A248-D8FC668F9E24}
		{FCE34E6A-A2DB-40BB-AF7B-C166CACEC0E5} = {740C2955-82BE-4890-A47E-B91CE7310AE5}
		{0338A0D2-0C47-4C0B-A92F-2E3AAC8B0334} = {740C2955-82BE-4890-A47E-B91CE7310AE5}
		{94C1E3F2-DAE5-4859-BEA2-EA70C0386654} = {740C2955-82BE-4890-A47E-B91CE7310AE5}
		{A6D87063-1E12-4F37-AAD6-4E3BD0F76779} = {740C2955-82BE-4890-A47E-B91CE7310AE5}
		{5878F9F5-52CE-4565-B493-4611B00000F8} = {740C2955-82BE-4890-A47E-B91CE7310AE5}
		{BDFB53D4-C367-414E-B568-0A54A97F890D} = {740C2955-82BE-4890-A47E-B91CE7310AE5}
		{6365043B-F0D0-4B4C-9943-3CBC4DCD6C46} = {740C2955-82BE-4890-A47E-B91CE7310AE5}
		{05AD4DA4-53D3-48D5-9660-3D935D46B5AC} = {740C2955-82BE-4890-A47E-B91CE7310AE5}
		{F7376003-00C2-4557-933C-2667F96C1B51} = {740C2955-82BE-4890-A47E-B91CE7310AE5}
		{76498CD3-DA5F-4CA0-83D1-49187A55CAC3} = {740C2955-82BE-4890-A47E-B91CE7310AE5}
		{45F55730-D803-425D-BDD9-47875FD6183F} = {740C2955-82BE-4890-A47E-B91CE7310AE5}
		{D96E2163-D8F9-4D91-A1A6-B32C6F6308A6} = {740C2955-82BE-4890-A47E-B91CE7310AE5}
		{1EFE99F1-77F4-4401-AE71-9AF9DD81AE25} = {740C2955-82BE-4890-A47E-B91CE7310AE5}
		{07873E2F-D339-4236-98E0-64251D27E445} = {740C2955-82BE-4890-A47E-B91CE7310AE5}
		{5C442549-4406-442A-A2CD-701BC40BDAA9} = {740C2955-82BE-4890-A47E-B91CE7310AE5}
		{596ABB4A-E78F-46F3-82D2-5D39A2F57280} = {740C2955-82BE-4890-A47E-B91CE7310AE5}
		{D20FEF96-A987-4DD3-B737-6A9B92BC181B} = {740C2955-82BE-4890-A47E-B91CE7310AE5}
		{59E4FF92-1E58-41AF-B65B-00659D9AC16B} = {740C2955-82BE-4890-A47E-B91CE7310AE5}
		{D2222BE5-C86A-443B-B3DA-769FF5D56203} = {740C2955-82BE-4890-A47E-B91CE7310AE5}
		{FE04ADD4-A394-4A40-82EB-2F8E20EFCE0C} = {740C2955-82BE-4890-A47E-B91CE7310AE5}
		{CF3DF1F0-A2B8-4132-82D3-15FDC13BB8E8} = {740C2955-82BE-4890-A47E-B91CE7310AE5}
		{A6BDADB8-4353-4794-A983-E016B995813E} = {740C2955-82BE-4890-A47E-B91CE7310AE5}
		{4B1B17D9-11FD-47C4-8FF0-1311DF96FB40} = {740C2955-82BE-4890-A47E-B91CE7310AE5}
		{3B4C3917-8D70-4FF9-9AD6-15994C74525D} = {740C2955-82BE-4890-A47E-B91CE7310AE5}
		{6297DE51-9D4F-4522-8E1E-42FC00785800} = {740C2955-82BE-4890-A47E-B91CE7310AE5}
		{FC8D618B-D4E8-4F83-950A-5DCF29FDF971} = {740C2955-82BE-4890-A47E-B91CE7310AE5}
		{734A2D1E-4733-4DCE-9A68-ECCBB0756980} = {740C2955-82BE-4890-A47E-B91CE7310AE5}
		{01DA9E99-C826-4180-BA9E-ED92F51224E4} = {740C2955-82BE-4890-A47E-B91CE7310AE5}
		{1FD8A847-88DA-405A-8F6E-6CD93F2B00F3} = {740C2955-82BE-4890-A47E-B91CE7310AE5}
		{6C85D112-050D-426E-96E8-736773FD557F} = {740C2955-82BE-4890-A47E-B91CE7310AE5}
		{07B07D7D-CA82-4FFE-993A-36516987F73E} = {740C2955-82BE-4890-A47E-B91CE7310AE5}
	EndGlobalSection
EndGlobal
